
Microsoft Visual Studio Solution File, Format Version 12.00
# Visual Studio Version 16
VisualStudioVersion = 16.0.30204.135
MinimumVisualStudioVersion = 10.0.40219.1
Project("{FAE04EC0-301F-11D3-BF4B-00C04F79EFBC}") = "ConsoleApp1", "ConsoleApp1\ConsoleApp1.csproj", "{4EBE4302-4FF1-4D36-8FBB-4F5FD08D7DD8}"
EndProject
Global
	GlobalSection(SolutionConfigurationPlatforms) = preSolution
		Debug|Any CPU = Debug|Any CPU
		Release|Any CPU = Release|Any CPU
	EndGlobalSection
	GlobalSection(ProjectConfigurationPlatforms) = postSolution
		{4EBE4302-4FF1-4D36-8FBB-4F5FD08D7DD8}.Debug|Any CPU.ActiveCfg = Debug|Any CPU
		{4EBE4302-4FF1-4D36-8FBB-4F5FD08D7DD8}.Debug|Any CPU.Build.0 = Debug|Any CPU
		{4EBE4302-4FF1-4D36-8FBB-4F5FD08D7DD8}.Release|Any CPU.ActiveCfg = Release|Any CPU
		{4EBE4302-4FF1-4D36-8FBB-4F5FD08D7DD8}.Release|Any CPU.Build.0 = Release|Any CPU
	EndGlobalSection
	GlobalSection(SolutionProperties) = preSolution
		HideSolutionNode = FALSE
	EndGlobalSection
	GlobalSection(ExtensibilityGlobals) = postSolution
		SolutionGuid = {68A5CBBB-CB6A-4803-94C1-F662A6E5BFAB}
	EndGlobalSection
EndGlobal
